
Microsoft Visual Studio Solution File, Format Version 12.00
# Visual Studio 15
VisualStudioVersion = 15.0.28307.168
MinimumVisualStudioVersion = 10.0.40219.1
Project("{FAE04EC0-301F-11D3-BF4B-00C04F79EFBC}") = "API-Auth0", "API-Auth0\API-Auth0.csproj", "{3E75CFDA-F403-41F5-94B0-6752D14DC125}"
EndProject
Global
	GlobalSection(SolutionConfigurationPlatforms) = preSolution
		Debug|Any CPU = Debug|Any CPU
		Release|Any CPU = Release|Any CPU
	EndGlobalSection
	GlobalSection(ProjectConfigurationPlatforms) = postSolution
		{3E75CFDA-F403-41F5-94B0-6752D14DC125}.Debug|Any CPU.ActiveCfg = Debug|Any CPU
		{3E75CFDA-F403-41F5-94B0-6752D14DC125}.Debug|Any CPU.Build.0 = Debug|Any CPU
		{3E75CFDA-F403-41F5-94B0-6752D14DC125}.Release|Any CPU.ActiveCfg = Release|Any CPU
		{3E75CFDA-F403-41F5-94B0-6752D14DC125}.Release|Any CPU.Build.0 = Release|Any CPU
	EndGlobalSection
	GlobalSection(SolutionProperties) = preSolution
		HideSolutionNode = FALSE
	EndGlobalSection
	GlobalSection(ExtensibilityGlobals) = postSolution
		SolutionGuid = {873FF72C-CA84-4784-9456-07BD4656177E}
	EndGlobalSection
EndGlobal
